{
  "object": {
    "pins": [
      {
        "package": "Neumorphic",
        "repositoryURL": "https://github.com/costachung/neumorphic/",
        "state": {
          "branch": null,
          "revision": "3fa56e844a5e375ff3d38e3c770886bcc949f6f5",
          "version": "2.0.5"
        }
      }
    ]
  },
  "version": 1
}
